{
  "name": "backend",
  "lockfileVersion": 2,
  "requires": true,
  "packages": {
    "": {
      "dependencies": {
        "async-json-parse": "^1.0.3",
        "raji": "^0.1.6"
      }
    },
    "node_modules/any-promise": {
      "version": "0.1.0",
      "resolved": "https://registry.npmjs.org/any-promise/-/any-promise-0.1.0.tgz",
      "integrity": "sha512-lqzY9o+BbeGHRCOyxQkt/Tgvz0IZhTmQiA+LxQW8wSNpcTbj8K+0cZiSEvbpNZZP9/11Gy7dnLO3GNWUXO4d1g=="
    },
    "node_modules/async-json-parse": {
      "version": "1.0.3",
      "resolved": "https://registry.npmjs.org/async-json-parse/-/async-json-parse-1.0.3.tgz",
      "integrity": "sha512-xCDxgETnoaTo2zWEfAwo9nCyvy4g3E33mQRl/SOIAMQQ3h/Jek/Phuy1TzAbOm+ODB3jnp8kk0TxGj1bn2+iiQ==",
      "dependencies": {
        "any-promise": "^0.1.0"
      }
    },
    "node_modules/raji": {
      "version": "0.1.6",
      "resolved": "https://registry.npmjs.org/raji/-/raji-0.1.6.tgz",
      "integrity": "sha512-3WTpwTCZNMPAvM2S4dbPQkuJ/3ydBlozEMpu1Ql50UyWXIL/FxRIN193vPj0ZkvLRwVU/gZ/udfd4eW+r164sw=="
    }
  },
  "dependencies": {
    "any-promise": {
      "version": "0.1.0",
      "resolved": "https://registry.npmjs.org/any-promise/-/any-promise-0.1.0.tgz",
      "integrity": "sha512-lqzY9o+BbeGHRCOyxQkt/Tgvz0IZhTmQiA+LxQW8wSNpcTbj8K+0cZiSEvbpNZZP9/11Gy7dnLO3GNWUXO4d1g=="
    },
    "async-json-parse": {
      "version": "1.0.3",
      "resolved": "https://registry.npmjs.org/async-json-parse/-/async-json-parse-1.0.3.tgz",
      "integrity": "sha512-xCDxgETnoaTo2zWEfAwo9nCyvy4g3E33mQRl/SOIAMQQ3h/Jek/Phuy1TzAbOm+ODB3jnp8kk0TxGj1bn2+iiQ==",
      "requires": {
        "any-promise": "^0.1.0"
      }
    },
    "raji": {
      "version": "0.1.6",
      "resolved": "https://registry.npmjs.org/raji/-/raji-0.1.6.tgz",
      "integrity": "sha512-3WTpwTCZNMPAvM2S4dbPQkuJ/3ydBlozEMpu1Ql50UyWXIL/FxRIN193vPj0ZkvLRwVU/gZ/udfd4eW+r164sw=="
    }
  }
}
